
Microsoft Visual Studio Solution File, Format Version 12.00
# Visual Studio Version 17
VisualStudioVersion = 17.10.34916.146
MinimumVisualStudioVersion = 10.0.40219.1
Project("{9A19103F-16F7-4668-BE54-9A1E7A4F7556}") = "TelegramBotTestTask", "TelegramBotTestTask\TelegramBotTestTask.csproj", "{8F83DC28-B23F-49B3-8C7A-BF3AAADE82EB}"
EndProject
Project("{9A19103F-16F7-4668-BE54-9A1E7A4F7556}") = "TelegramBotTestTask.BusinessLogic", "TelegramBotTestTask.BusinessLogic\TelegramBotTestTask.BusinessLogic.csproj", "{210F4FB5-1CD0-4C4C-A37E-B58496FCCA91}"
EndProject
Project("{9A19103F-16F7-4668-BE54-9A1E7A4F7556}") = "TelegramBotTestTask.DataAccess", "TelegramBotTestTask.DataAccess\TelegramBotTestTask.DataAccess.csproj", "{B3C60594-8283-427E-B9A4-8021D192D89C}"
EndProject
Project("{9A19103F-16F7-4668-BE54-9A1E7A4F7556}") = "TelegramBotTestTask.DTOs", "TelegramBotTestTask.DTOs\TelegramBotTestTask.DTOs.csproj", "{7CA9306B-6E53-4EE8-8D40-33AAD93E4CF7}"
EndProject
Project("{FAE04EC0-301F-11D3-BF4B-00C04F79EFBC}") = "TelegramBotTestTask.Bot", "TelegramBotTestTask.Bot\TelegramBotTestTask.Bot.csproj", "{4DB044F2-AFB8-409E-9FFD-804ADF01F7D9}"
EndProject
Project("{FAE04EC0-301F-11D3-BF4B-00C04F79EFBC}") = "TelegramBotTestTask.Common", "TelegramBotTestTask.Common\TelegramBotTestTask.Common.csproj", "{F5710846-21D9-4739-83A1-3A0177A124C3}"
EndProject
Global
	GlobalSection(SolutionConfigurationPlatforms) = preSolution
		Debug|Any CPU = Debug|Any CPU
		Release|Any CPU = Release|Any CPU
	EndGlobalSection
	GlobalSection(ProjectConfigurationPlatforms) = postSolution
		{8F83DC28-B23F-49B3-8C7A-BF3AAADE82EB}.Debug|Any CPU.ActiveCfg = Debug|Any CPU
		{8F83DC28-B23F-49B3-8C7A-BF3AAADE82EB}.Debug|Any CPU.Build.0 = Debug|Any CPU
		{8F83DC28-B23F-49B3-8C7A-BF3AAADE82EB}.Release|Any CPU.ActiveCfg = Release|Any CPU
		{8F83DC28-B23F-49B3-8C7A-BF3AAADE82EB}.Release|Any CPU.Build.0 = Release|Any CPU
		{210F4FB5-1CD0-4C4C-A37E-B58496FCCA91}.Debug|Any CPU.ActiveCfg = Debug|Any CPU
		{210F4FB5-1CD0-4C4C-A37E-B58496FCCA91}.Debug|Any CPU.Build.0 = Debug|Any CPU
		{210F4FB5-1CD0-4C4C-A37E-B58496FCCA91}.Release|Any CPU.ActiveCfg = Release|Any CPU
		{210F4FB5-1CD0-4C4C-A37E-B58496FCCA91}.Release|Any CPU.Build.0 = Release|Any CPU
		{B3C60594-8283-427E-B9A4-8021D192D89C}.Debug|Any CPU.ActiveCfg = Debug|Any CPU
		{B3C60594-8283-427E-B9A4-8021D192D89C}.Debug|Any CPU.Build.0 = Debug|Any CPU
		{B3C60594-8283-427E-B9A4-8021D192D89C}.Release|Any CPU.ActiveCfg = Release|Any CPU
		{B3C60594-8283-427E-B9A4-8021D192D89C}.Release|Any CPU.Build.0 = Release|Any CPU
		{7CA9306B-6E53-4EE8-8D40-33AAD93E4CF7}.Debug|Any CPU.ActiveCfg = Debug|Any CPU
		{7CA9306B-6E53-4EE8-8D40-33AAD93E4CF7}.Debug|Any CPU.Build.0 = Debug|Any CPU
		{7CA9306B-6E53-4EE8-8D40-33AAD93E4CF7}.Release|Any CPU.ActiveCfg = Release|Any CPU
		{7CA9306B-6E53-4EE8-8D40-33AAD93E4CF7}.Release|Any CPU.Build.0 = Release|Any CPU
		{4DB044F2-AFB8-409E-9FFD-804ADF01F7D9}.Debug|Any CPU.ActiveCfg = Debug|Any CPU
		{4DB044F2-AFB8-409E-9FFD-804ADF01F7D9}.Debug|Any CPU.Build.0 = Debug|Any CPU
		{4DB044F2-AFB8-409E-9FFD-804ADF01F7D9}.Release|Any CPU.ActiveCfg = Release|Any CPU
		{4DB044F2-AFB8-409E-9FFD-804ADF01F7D9}.Release|Any CPU.Build.0 = Release|Any CPU
		{F5710846-21D9-4739-83A1-3A0177A124C3}.Debug|Any CPU.ActiveCfg = Debug|Any CPU
		{F5710846-21D9-4739-83A1-3A0177A124C3}.Debug|Any CPU.Build.0 = Debug|Any CPU
		{F5710846-21D9-4739-83A1-3A0177A124C3}.Release|Any CPU.ActiveCfg = Release|Any CPU
		{F5710846-21D9-4739-83A1-3A0177A124C3}.Release|Any CPU.Build.0 = Release|Any CPU
	EndGlobalSection
	GlobalSection(SolutionProperties) = preSolution
		HideSolutionNode = FALSE
	EndGlobalSection
	GlobalSection(ExtensibilityGlobals) = postSolution
		SolutionGuid = {3F2DA0AC-DD0F-4A21-B3AA-B332BD4D6283}
	EndGlobalSection
EndGlobal
